
Microsoft Visual Studio Solution File, Format Version 12.00
# Visual Studio Version 18
VisualStudioVersion = 18.3.11520.95 d18.3
MinimumVisualStudioVersion = 10.0.40219.1
Project("{FAE04EC0-301F-11D3-BF4B-00C04F79EFBC}") = "Lunar", "Lunar.csproj", "{8C2A647E-B8D7-E936-B820-24820F8114BE}"
EndProject
Global
	GlobalSection(SolutionConfigurationPlatforms) = preSolution
		Debug|Any CPU = Debug|Any CPU
		Release|Any CPU = Release|Any CPU
	EndGlobalSection
	GlobalSection(ProjectConfigurationPlatforms) = postSolution
		{8C2A647E-B8D7-E936-B820-24820F8114BE}.Debug|Any CPU.ActiveCfg = Debug|Any CPU
		{8C2A647E-B8D7-E936-B820-24820F8114BE}.Debug|Any CPU.Build.0 = Debug|Any CPU
		{8C2A647E-B8D7-E936-B820-24820F8114BE}.Release|Any CPU.ActiveCfg = Release|Any CPU
		{8C2A647E-B8D7-E936-B820-24820F8114BE}.Release|Any CPU.Build.0 = Release|Any CPU
	EndGlobalSection
	GlobalSection(SolutionProperties) = preSolution
		HideSolutionNode = FALSE
	EndGlobalSection
	GlobalSection(ExtensibilityGlobals) = postSolution
		SolutionGuid = {27518B21-AD49-404D-8367-DB3263E79CB5}
	EndGlobalSection
EndGlobal
